
Microsoft Visual Studio Solution File, Format Version 12.00
# Visual Studio Version 16
VisualStudioVersion = 16.0.29324.140
MinimumVisualStudioVersion = 10.0.40219.1
Project("{9A19103F-16F7-4668-BE54-9A1E7A4F7556}") = "Snp.Api", "src\Snp.Api\Snp.Api.csproj", "{7461895F-E706-4BF4-A47A-C72B0EEDD29E}"
EndProject
Project("{9A19103F-16F7-4668-BE54-9A1E7A4F7556}") = "Snp.Core", "src\Snp.Core\Snp.Core.csproj", "{C3E70148-14C6-4165-92BC-816FDEDD02BA}"
EndProject
Project("{9A19103F-16F7-4668-BE54-9A1E7A4F7556}") = "Snp.Service", "src\Snp.Service\Snp.Service.csproj", "{D4875A5E-2708-4837-A995-C0614647A4E9}"
EndProject
Global
	GlobalSection(SolutionConfigurationPlatforms) = preSolution
		Debug|Any CPU = Debug|Any CPU
		Release|Any CPU = Release|Any CPU
	EndGlobalSection
	GlobalSection(ProjectConfigurationPlatforms) = postSolution
		{7461895F-E706-4BF4-A47A-C72B0EEDD29E}.Debug|Any CPU.ActiveCfg = Debug|Any CPU
		{7461895F-E706-4BF4-A47A-C72B0EEDD29E}.Debug|Any CPU.Build.0 = Debug|Any CPU
		{7461895F-E706-4BF4-A47A-C72B0EEDD29E}.Release|Any CPU.ActiveCfg = Release|Any CPU
		{7461895F-E706-4BF4-A47A-C72B0EEDD29E}.Release|Any CPU.Build.0 = Release|Any CPU
		{C3E70148-14C6-4165-92BC-816FDEDD02BA}.Debug|Any CPU.ActiveCfg = Debug|Any CPU
		{C3E70148-14C6-4165-92BC-816FDEDD02BA}.Debug|Any CPU.Build.0 = Debug|Any CPU
		{C3E70148-14C6-4165-92BC-816FDEDD02BA}.Release|Any CPU.ActiveCfg = Release|Any CPU
		{C3E70148-14C6-4165-92BC-816FDEDD02BA}.Release|Any CPU.Build.0 = Release|Any CPU
		{D4875A5E-2708-4837-A995-C0614647A4E9}.Debug|Any CPU.ActiveCfg = Debug|Any CPU
		{D4875A5E-2708-4837-A995-C0614647A4E9}.Debug|Any CPU.Build.0 = Debug|Any CPU
		{D4875A5E-2708-4837-A995-C0614647A4E9}.Release|Any CPU.ActiveCfg = Release|Any CPU
		{D4875A5E-2708-4837-A995-C0614647A4E9}.Release|Any CPU.Build.0 = Release|Any CPU
	EndGlobalSection
	GlobalSection(SolutionProperties) = preSolution
		HideSolutionNode = FALSE
	EndGlobalSection
	GlobalSection(ExtensibilityGlobals) = postSolution
		SolutionGuid = {B19AB5E3-1A8A-4E20-B534-B851FA4F27AA}
	EndGlobalSection
EndGlobal
